
Microsoft Visual Studio Solution File, Format Version 12.00
# Visual Studio Version 16
VisualStudioVersion = 16.0.32002.261
MinimumVisualStudioVersion = 10.0.40219.1
Project("{FAE04EC0-301F-11D3-BF4B-00C04F79EFBC}") = "MVC_With_DependencyInjection", "MVC_With_DependencyInjection\MVC_With_DependencyInjection.csproj", "{9B761C3E-FB18-4CBF-A89D-71EAF580CD7F}"
EndProject
Global
	GlobalSection(SolutionConfigurationPlatforms) = preSolution
		Debug|Any CPU = Debug|Any CPU
		Release|Any CPU = Release|Any CPU
	EndGlobalSection
	GlobalSection(ProjectConfigurationPlatforms) = postSolution
		{9B761C3E-FB18-4CBF-A89D-71EAF580CD7F}.Debug|Any CPU.ActiveCfg = Debug|Any CPU
		{9B761C3E-FB18-4CBF-A89D-71EAF580CD7F}.Debug|Any CPU.Build.0 = Debug|Any CPU
		{9B761C3E-FB18-4CBF-A89D-71EAF580CD7F}.Release|Any CPU.ActiveCfg = Release|Any CPU
		{9B761C3E-FB18-4CBF-A89D-71EAF580CD7F}.Release|Any CPU.Build.0 = Release|Any CPU
	EndGlobalSection
	GlobalSection(SolutionProperties) = preSolution
		HideSolutionNode = FALSE
	EndGlobalSection
	GlobalSection(ExtensibilityGlobals) = postSolution
		SolutionGuid = {A808C5C7-C10E-41D3-B91B-BF532948F79D}
	EndGlobalSection
EndGlobal
